<?xml version="1.0" encoding="utf-8"?>
<Project ToolsVersion="4.0" xmlns="http://schemas.microsoft.com/developer/msbuild/2003">
  <ItemGroup>
    <Filter Include="Source Files">
      <UniqueIdentifier>{4FC737F1-C7A5-4376-A066-2A32D752A2FF}</UniqueIdentifier>
      <Extensions>cpp;c;cc;cxx;def;odl;idl;hpj;bat;asm;asmx</Extensions>
    </Filter>
    <Filter Include="Header Files">
      <UniqueIdentifier>{93995380-89BD-4b04-88EB-625FBE52EBFB}</UniqueIdentifier>
      <Extensions>h;hpp;hxx;hm;inl;inc;xsd</Extensions>
    </Filter>
    <Filter Include="Resource Files">
      <UniqueIdentifier>{67DA6AB6-F800-4c08-8B7A-83BB121AAD01}</UniqueIdentifier>
      <Extensions>rc;ico;cur;bmp;dlg;rc2;rct;bin;rgs;gif;jpg;jpeg;jpe;resx;tiff;tif;png;wav;mfcribbon-ms</Extensions>
    </Filter>
    <Filter Include="Library">
      <UniqueIdentifier>{8f4643e7-0000-4614-b439-1b4f87757599}</UniqueIdentifier>
    </Filter>
  </ItemGroup>
  <ItemGroup>
    <ClInclude Include="..\Library\Backup.h">
      <Filter>Library</Filter>
    </ClInclude>
    <ClInclude Include="..\Library\BaseFactory.h">
      <Filter>Library</Filter>
    </ClInclude>
    <ClInclude Include="..\Library\BaseInput.h">
      <Filter>Library</Filter>
    </ClInclude>
    <ClInclude Include="..\Library\BaseLoad.h">
      <Filter>Library</Filter>
    </ClInclude>
    <ClInclude Include="..\Library\BaseOutput.h">
      <Filter>Library</Filter>
    </ClInclude>
    <ClInclude Include="..\Library\BaseSave.h">
      <Filter>Library</Filter>
    </ClInclude>
    <ClInclude Include="..\Library\Category.h">
      <Filter>Library</Filter>
    </ClInclude>
    <ClInclude Include="..\Library\PluginAPI.h">
      <Filter>Library</Filter>
    </ClInclude>
    <ClInclude Include="..\Library\Product.h">
      <Filter>Library</Filter>
    </ClInclude>
    <ClInclude Include="..\Library\ShopLibrary.h">
      <Filter>Library</Filter>
    </ClInclude>
    <ClInclude Include="UnaliveFactory.h">
      <Filter>Header Files</Filter>
    </ClInclude>
    <ClInclude Include="UnaliveInput.h">
      <Filter>Header Files</Filter>
    </ClInclude>
    <ClInclude Include="UnaliveSave.h">
      <Filter>Header Files</Filter>
    </ClInclude>
    <ClInclude Include="UnaliveLoad.h">
      <Filter>Header Files</Filter>
    </ClInclude>
    <ClInclude Include="UnaliveProduct.h">
      <Filter>Header Files</Filter>
    </ClInclude>
    <ClInclude Include="UnaliveOutput.h">
      <Filter>Header Files</Filter>
    </ClInclude>
    <ClInclude Include="..\Library\Utilities.h">
      <Filter>Library</Filter>
    </ClInclude>
  </ItemGroup>
  <ItemGroup>
    <ClCompile Include="dllmain.cpp">
      <Filter>Source Files</Filter>
    </ClCompile>
    <ClCompile Include="..\Library\Backup.cpp">
      <Filter>Library</Filter>
    </ClCompile>
    <ClCompile Include="..\Library\BaseFactory.cpp">
      <Filter>Library</Filter>
    </ClCompile>
    <ClCompile Include="..\Library\BaseInput.cpp">
      <Filter>Library</Filter>
    </ClCompile>
    <ClCompile Include="..\Library\BaseLoad.cpp">
      <Filter>Library</Filter>
    </ClCompile>
    <ClCompile Include="..\Library\BaseOutput.cpp">
      <Filter>Library</Filter>
    </ClCompile>
    <ClCompile Include="..\Library\BaseSave.cpp">
      <Filter>Library</Filter>
    </ClCompile>
    <ClCompile Include="..\Library\Category.cpp">
      <Filter>Library</Filter>
    </ClCompile>
    <ClCompile Include="..\Library\Product.cpp">
      <Filter>Library</Filter>
    </ClCompile>
    <ClCompile Include="UnaliveFactory.cpp">
      <Filter>Source Files</Filter>
    </ClCompile>
    <ClCompile Include="UnaliveInput.cpp">
      <Filter>Source Files</Filter>
    </ClCompile>
    <ClCompile Include="UnaliveOutput.cpp">
      <Filter>Source Files</Filter>
    </ClCompile>
    <ClCompile Include="UnaliveSave.cpp">
      <Filter>Source Files</Filter>
    </ClCompile>
    <ClCompile Include="UnaliveLoad.cpp">
      <Filter>Source Files</Filter>
    </ClCompile>
    <ClCompile Include="UnaliveProduct.cpp">
      <Filter>Source Files</Filter>
    </ClCompile>
    <ClCompile Include="..\Library\Utilities.cpp">
      <Filter>Library</Filter>
    </ClCompile>
  </ItemGroup>
</Project>